github.com/spf13/pflag v1.0.5 h1:iy+VFUOCP1a+8yFto/drg2CJ5u0yRoB7fZw3DKv/JXA=
github.com/spf13/pflag v1.0.5/go.mod h1:McXfInJRrz4CZXVZOBLb0bTZqETkiAhM9Iw0y3An2Bg=
github.com/wildwest-productions/goini v0.0.0-20211212231729-5862de93cb20 h1:miki/xKqFTozb9kjBDkVMwAUw5lOS3O17pV10kNTY2c=
github.com/wildwest-productions/goini v0.0.0-20211212231729-5862de93cb20/go.mod h1:inC+L6beZKw0SoCmr+2dFp7123S5GZ7IMd5aj7VpM0c=
golang.org/x/sys v0.0.0-20211210111614-af8b64212486 h1:5hpz5aRr+W1erYCL5JRhSUBJRph7l9XkNveoExlrKYk=
golang.org/x/sys v0.0.0-20211210111614-af8b64212486/go.mod h1:oPkhp1MJrh7nUepCBck5+mAzfO9JrbApNNgaTdGDITg=
